
Microsoft Visual Studio Solution File, Format Version 12.00
# Visual Studio Version 17
VisualStudioVersion = 17.3.32929.385
MinimumVisualStudioVersion = 10.0.40219.1
Project("{FAE04EC0-301F-11D3-BF4B-00C04F79EFBC}") = "dockerdemoweb", "dockerdemoweb.csproj", "{D0E80B5F-4E2A-42DE-AC72-DA63BC2FAD96}"
EndProject
Global
	GlobalSection(SolutionConfigurationPlatforms) = preSolution
		Debug|Any CPU = Debug|Any CPU
		Release|Any CPU = Release|Any CPU
	EndGlobalSection
	GlobalSection(ProjectConfigurationPlatforms) = postSolution
		{D0E80B5F-4E2A-42DE-AC72-DA63BC2FAD96}.Debug|Any CPU.ActiveCfg = Debug|Any CPU
		{D0E80B5F-4E2A-42DE-AC72-DA63BC2FAD96}.Debug|Any CPU.Build.0 = Debug|Any CPU
		{D0E80B5F-4E2A-42DE-AC72-DA63BC2FAD96}.Release|Any CPU.ActiveCfg = Release|Any CPU
		{D0E80B5F-4E2A-42DE-AC72-DA63BC2FAD96}.Release|Any CPU.Build.0 = Release|Any CPU
	EndGlobalSection
	GlobalSection(SolutionProperties) = preSolution
		HideSolutionNode = FALSE
	EndGlobalSection
	GlobalSection(ExtensibilityGlobals) = postSolution
		SolutionGuid = {56A13388-210E-490A-9512-87EC3399B9B4}
	EndGlobalSection
EndGlobal
